// !$*UTF8*$!
{
	archiveVersion = 1;
	classes = {
	};
	objectVersion = 51;
	objects = {

/* Begin PBXBuildFile section */
		313AEA29D63D2AF8108134B0 /* Pods_firebaseTest.framework in Frameworks */ = {isa = PBXBuildFile; fileRef = 8BFB0F1EAF5F0A8295286866 /* Pods_firebaseTest.framework */; };
		C31DDCB2241DBC8C00F0BAA8 /* StatusViewController.swift in Sources */ = {isa = PBXBuildFile; fileRef = C31DDCB1241DBC8C00F0BAA8 /* StatusViewController.swift */; };
		C3252307242CD87B0039819D /* NoticeListViewController.swift in Sources */ = {isa = PBXBuildFile; fileRef = C3252306242CD87A0039819D /* NoticeListViewController.swift */; };
		C33839DB241873D600CADC60 /* Toast.swift in Sources */ = {isa = PBXBuildFile; fileRef = C33839DA241873D600CADC60 /* Toast.swift */; };
		C33839E12418AC0F00CADC60 /* StoreModel.swift in Sources */ = {isa = PBXBuildFile; fileRef = C33839E02418AC0F00CADC60 /* StoreModel.swift */; };
		C33839E32418ADD800CADC60 /* LocationManager.swift in Sources */ = {isa = PBXBuildFile; fileRef = C33839E22418ADD800CADC60 /* LocationManager.swift */; };
		C33839E52418AE1C00CADC60 /* PermissionData.swift in Sources */ = {isa = PBXBuildFile; fileRef = C33839E42418AE1C00CADC60 /* PermissionData.swift */; };
		C33839E72418AECD00CADC60 /* MapViewController.swift in Sources */ = {isa = PBXBuildFile; fileRef = C33839E62418AECD00CADC60 /* MapViewController.swift */; };
		C338BC7C24458CE300E07D0E /* MKMapView+Extensions.swift in Sources */ = {isa = PBXBuildFile; fileRef = C338BC7B24458CE300E07D0E /* MKMapView+Extensions.swift */; };
		C346B0532491F1AC0049DE7E /* Colors.xcassets in Resources */ = {isa = PBXBuildFile; fileRef = C346B0522491F1AC0049DE7E /* Colors.xcassets */; };
		C34C6B552418C1BF001D8CF4 /* StoresTableViewController.swift in Sources */ = {isa = PBXBuildFile; fileRef = C34C6B542418C1BF001D8CF4 /* StoresTableViewController.swift */; };
		C34C6B572418C2B1001D8CF4 /* ApiManager.swift in Sources */ = {isa = PBXBuildFile; fileRef = C34C6B562418C2B1001D8CF4 /* ApiManager.swift */; };
		C34C6B592418C7A5001D8CF4 /* StoresTableViewCell.swift in Sources */ = {isa = PBXBuildFile; fileRef = C34C6B582418C7A5001D8CF4 /* StoresTableViewCell.swift */; };
		C34C6B5B2419CC77001D8CF4 /* EmptyView.swift in Sources */ = {isa = PBXBuildFile; fileRef = C34C6B5A2419CC77001D8CF4 /* EmptyView.swift */; };
		C36149E7242B209C005C2C0B /* RankingTableViewController.swift in Sources */ = {isa = PBXBuildFile; fileRef = C36149E6242B209C005C2C0B /* RankingTableViewController.swift */; };
		C36149E9242B2439005C2C0B /* RankingTableViewCell.swift in Sources */ = {isa = PBXBuildFile; fileRef = C36149E8242B2439005C2C0B /* RankingTableViewCell.swift */; };
		C3630FD0241B339E003479C2 /* GameManager.swift in Sources */ = {isa = PBXBuildFile; fileRef = C3630FCF241B339E003479C2 /* GameManager.swift */; };
		C3630FD3241B51CE003479C2 /* Card.swift in Sources */ = {isa = PBXBuildFile; fileRef = C3630FD2241B51CE003479C2 /* Card.swift */; };
		C3630FD6241B5C7C003479C2 /* CardDackView.swift in Sources */ = {isa = PBXBuildFile; fileRef = C3630FD4241B5C7B003479C2 /* CardDackView.swift */; };
		C3630FD7241B5C7C003479C2 /* CardDackView.xib in Resources */ = {isa = PBXBuildFile; fileRef = C3630FD5241B5C7C003479C2 /* CardDackView.xib */; };
		C3630FD9241B5F31003479C2 /* TalkDetailCardTableViewCell.swift in Sources */ = {isa = PBXBuildFile; fileRef = C3630FD8241B5F31003479C2 /* TalkDetailCardTableViewCell.swift */; };
		C36650122422F73F00E2BD24 /* AdminOptions.swift in Sources */ = {isa = PBXBuildFile; fileRef = C36650112422F73F00E2BD24 /* AdminOptions.swift */; };
		C3665014242300E700E2BD24 /* AdminViewController.swift in Sources */ = {isa = PBXBuildFile; fileRef = C3665013242300E700E2BD24 /* AdminViewController.swift */; };
		C36650162423271300E2BD24 /* JackPotManager.swift in Sources */ = {isa = PBXBuildFile; fileRef = C36650152423271300E2BD24 /* JackPotManager.swift */; };
		C366501824233C5600E2BD24 /* JackPotLogModel.swift in Sources */ = {isa = PBXBuildFile; fileRef = C366501724233C5600E2BD24 /* JackPotLogModel.swift */; };
		C36A18FE242C3EA4007B9D71 /* TalkHistoryTableViewController.swift in Sources */ = {isa = PBXBuildFile; fileRef = C36A18FD242C3EA4007B9D71 /* TalkHistoryTableViewController.swift */; };
		C36A1900242C95C0007B9D71 /* NoticeModel.swift in Sources */ = {isa = PBXBuildFile; fileRef = C36A18FF242C95BF007B9D71 /* NoticeModel.swift */; };
		C36A1902242C9CEA007B9D71 /* PostNoticeViewController.swift in Sources */ = {isa = PBXBuildFile; fileRef = C36A1901242C9CEA007B9D71 /* PostNoticeViewController.swift */; };
		C36A1904242CA92B007B9D71 /* NoticeViewController.swift in Sources */ = {isa = PBXBuildFile; fileRef = C36A1903242CA92B007B9D71 /* NoticeViewController.swift */; };
		C36A1906242DB492007B9D71 /* PopupMapViewController.swift in Sources */ = {isa = PBXBuildFile; fileRef = C36A1905242DB492007B9D71 /* PopupMapViewController.swift */; };
		C370C9F12415F94300026E86 /* LikeModel.swift in Sources */ = {isa = PBXBuildFile; fileRef = C370C9F02415F94300026E86 /* LikeModel.swift */; };
		C370C9F5241747BF00026E86 /* TalkDetailTableViewController.swift in Sources */ = {isa = PBXBuildFile; fileRef = C370C9F4241747BF00026E86 /* TalkDetailTableViewController.swift */; };
		C370C9F72417506600026E86 /* TalkDetailUserInfoTableViewCell.swift in Sources */ = {isa = PBXBuildFile; fileRef = C370C9F62417506600026E86 /* TalkDetailUserInfoTableViewCell.swift */; };
		C370C9F92417516100026E86 /* TalkDetailEditHistoryTableViewCell.swift in Sources */ = {isa = PBXBuildFile; fileRef = C370C9F82417516100026E86 /* TalkDetailEditHistoryTableViewCell.swift */; };
		C370C9FB2417688A00026E86 /* Date+extensions.swift in Sources */ = {isa = PBXBuildFile; fileRef = C370C9FA2417688A00026E86 /* Date+extensions.swift */; };
		C370C9FD24176C6B00026E86 /* UserListTableViewController.swift in Sources */ = {isa = PBXBuildFile; fileRef = C370C9FC24176C6B00026E86 /* UserListTableViewController.swift */; };
		C371E9AF2440697F00FB36D2 /* ReviewDetailViewController.swift in Sources */ = {isa = PBXBuildFile; fileRef = C371E9AE2440697F00FB36D2 /* ReviewDetailViewController.swift */; };
		C37509F12456CE9B0092FD78 /* Localizable.strings in Resources */ = {isa = PBXBuildFile; fileRef = C37509F32456CE9B0092FD78 /* Localizable.strings */; };
		C3757AF8241BC76500FB1819 /* GoogleAd.swift in Sources */ = {isa = PBXBuildFile; fileRef = C3757AF7241BC76500FB1819 /* GoogleAd.swift */; };
		C3780E5A240DDEEC006070CF /* UserInfo.swift in Sources */ = {isa = PBXBuildFile; fileRef = C3780E59240DDEEC006070CF /* UserInfo.swift */; };
		C3780E5C240DE535006070CF /* String+Extensions.swift in Sources */ = {isa = PBXBuildFile; fileRef = C3780E5B240DE535006070CF /* String+Extensions.swift */; };
		C3780E61240E2CD6006070CF /* UIImageView+Extensions.swift in Sources */ = {isa = PBXBuildFile; fileRef = C3780E60240E2CD6006070CF /* UIImageView+Extensions.swift */; };
		C3780E67240F44AF006070CF /* LoginViewController.swift in Sources */ = {isa = PBXBuildFile; fileRef = C3780E66240F44AF006070CF /* LoginViewController.swift */; };
		C37BF64324443582002E4666 /* CGSize+Extensions.swift in Sources */ = {isa = PBXBuildFile; fileRef = C37BF64224443582002E4666 /* CGSize+Extensions.swift */; };
		C37E86912423410700F87D4D /* JackPotHistoryLogTableViewController.swift in Sources */ = {isa = PBXBuildFile; fileRef = C37E86902423410700F87D4D /* JackPotHistoryLogTableViewController.swift */; };
		C37EE3D9248F6E220093A801 /* AuthenticationServices.framework in Frameworks */ = {isa = PBXBuildFile; fileRef = C37EE3D8248F6E220093A801 /* AuthenticationServices.framework */; };
		C37EE3DB248F73C80093A801 /* SigninWithApple.swift in Sources */ = {isa = PBXBuildFile; fileRef = C37EE3DA248F73C80093A801 /* SigninWithApple.swift */; };
		C37EE3DD248F7ADB0093A801 /* UIViewController+Extensions.swift in Sources */ = {isa = PBXBuildFile; fileRef = C37EE3DC248F7ADB0093A801 /* UIViewController+Extensions.swift */; };
		C386C792241A0B1C0034132B /* Int+Extensions.swift in Sources */ = {isa = PBXBuildFile; fileRef = C386C791241A0B1C0034132B /* Int+Extensions.swift */; };
		C38EF933242493B1006D6732 /* WebViewController.swift in Sources */ = {isa = PBXBuildFile; fileRef = C38EF932242493B1006D6732 /* WebViewController.swift */; };
		C39003872421D38800CC4E3A /* StoreWaitingModel.swift in Sources */ = {isa = PBXBuildFile; fileRef = C39003862421D38800CC4E3A /* StoreWaitingModel.swift */; };
		C390038A2421E9B700CC4E3A /* StoreWaittingTableViewController.swift in Sources */ = {isa = PBXBuildFile; fileRef = C39003892421E9B700CC4E3A /* StoreWaittingTableViewController.swift */; };
		C390038C24220DC100CC4E3A /* WattingLogTableViewCell.swift in Sources */ = {isa = PBXBuildFile; fileRef = C390038B24220DC100CC4E3A /* WattingLogTableViewCell.swift */; };
		C3952901242DBE3F0050C80D /* UIImage+Extensions.swift in Sources */ = {isa = PBXBuildFile; fileRef = C3952900242DBE3F0050C80D /* UIImage+Extensions.swift */; };
		C3952905242DE8BA0050C80D /* UITableView+Extensions.swift in Sources */ = {isa = PBXBuildFile; fileRef = C3952904242DE8BA0050C80D /* UITableView+Extensions.swift */; };
		C39529072432F0660050C80D /* ReviewModel.swift in Sources */ = {isa = PBXBuildFile; fileRef = C39529062432F0660050C80D /* ReviewModel.swift */; };
		C39529092432FA3E0050C80D /* Array+Extensions.swift in Sources */ = {isa = PBXBuildFile; fileRef = C39529082432FA3E0050C80D /* Array+Extensions.swift */; };
		C395290B2432FEE80050C80D /* Set+Extensions.swift in Sources */ = {isa = PBXBuildFile; fileRef = C395290A2432FEE80050C80D /* Set+Extensions.swift */; };
		C395290D243307B40050C80D /* MyReview.storyboard in Resources */ = {isa = PBXBuildFile; fileRef = C395290C243307B40050C80D /* MyReview.storyboard */; };
		C3952910243308910050C80D /* MyReviewWriteController.swift in Sources */ = {isa = PBXBuildFile; fileRef = C395290F243308910050C80D /* MyReviewWriteController.swift */; };
		C39A6ECA241F2B1900460705 /* TalkDetailCardDackTavleViewCell.swift in Sources */ = {isa = PBXBuildFile; fileRef = C39A6EC9241F2B1900460705 /* TalkDetailCardDackTavleViewCell.swift */; };
		C39A6ECC241F368000460705 /* HoldemView.xib in Resources */ = {isa = PBXBuildFile; fileRef = C39A6ECB241F368000460705 /* HoldemView.xib */; };
		C39A6ECE241F386400460705 /* HoldemView.swift in Sources */ = {isa = PBXBuildFile; fileRef = C39A6ECD241F386400460705 /* HoldemView.swift */; };
		C39A6ED0241F524800460705 /* StoreStockLogTableViewCell.swift in Sources */ = {isa = PBXBuildFile; fileRef = C39A6ECF241F524800460705 /* StoreStockLogTableViewCell.swift */; };
		C39A6ED4241F6CE100460705 /* HoldemViewController.swift in Sources */ = {isa = PBXBuildFile; fileRef = C39A6ED3241F6CE100460705 /* HoldemViewController.swift */; };
		C39A6ED624208ABA00460705 /* Dealar.swift in Sources */ = {isa = PBXBuildFile; fileRef = C39A6ED524208ABA00460705 /* Dealar.swift */; };
		C39A6ED82420A04B00460705 /* TalkDetailHoldemTableViewCell.swift in Sources */ = {isa = PBXBuildFile; fileRef = C39A6ED72420A04B00460705 /* TalkDetailHoldemTableViewCell.swift */; };
		C39E49872428A36F0094E16B /* UIView+Extensions.swift in Sources */ = {isa = PBXBuildFile; fileRef = C39E49862428A36F0094E16B /* UIView+Extensions.swift */; };
		C39E49932429D6690094E16B /* NotificationService.swift in Sources */ = {isa = PBXBuildFile; fileRef = C39E49922429D6690094E16B /* NotificationService.swift */; };
		C39E49972429D6690094E16B /* noficationServiceExtension.appex in Embed App Extensions */ = {isa = PBXBuildFile; fileRef = C39E49902429D6690094E16B /* noficationServiceExtension.appex */; settings = {ATTRIBUTES = (RemoveHeadersOnCopy, ); }; };
		C39E499E2429E20A0094E16B /* Exp.swift in Sources */ = {isa = PBXBuildFile; fileRef = C39E499D2429E20A0094E16B /* Exp.swift */; };
		C3BDFBFF240CD79D006AE2B3 /* AppDelegate.swift in Sources */ = {isa = PBXBuildFile; fileRef = C3BDFBFE240CD79D006AE2B3 /* AppDelegate.swift */; };
		C3BDFC06240CD79D006AE2B3 /* Main.storyboard in Resources */ = {isa = PBXBuildFile; fileRef = C3BDFC04240CD79D006AE2B3 /* Main.storyboard */; };
		C3BDFC08240CD7A1006AE2B3 /* Assets.xcassets in Resources */ = {isa = PBXBuildFile; fileRef = C3BDFC07240CD7A1006AE2B3 /* Assets.xcassets */; };
		C3BDFC0B240CD7A1006AE2B3 /* LaunchScreen.storyboard in Resources */ = {isa = PBXBuildFile; fileRef = C3BDFC09240CD7A1006AE2B3 /* LaunchScreen.storyboard */; };
		C3C25C062421A998006DB36E /* CardDeckBoxView.swift in Sources */ = {isa = PBXBuildFile; fileRef = C3C25C052421A998006DB36E /* CardDeckBoxView.swift */; };
		C3C43A1C241A6E95002788B1 /* TalkDetailMapTableViewCell.swift in Sources */ = {isa = PBXBuildFile; fileRef = C3C43A1B241A6E95002788B1 /* TalkDetailMapTableViewCell.swift */; };
		C3C633C62448396700B526C0 /* LightBodImage+Extensions.swift in Sources */ = {isa = PBXBuildFile; fileRef = C3C633C52448396700B526C0 /* LightBodImage+Extensions.swift */; };
		C3C633C824493D7700B526C0 /* ReviewHistoryTableViewController.swift in Sources */ = {isa = PBXBuildFile; fileRef = C3C633C724493D7700B526C0 /* ReviewHistoryTableViewController.swift */; };
		C3CE9852244D7FC400D8BADF /* AddressModel.swift in Sources */ = {isa = PBXBuildFile; fileRef = C3CE9851244D7FC400D8BADF /* AddressModel.swift */; };
		C3CE9854244E79DC00D8BADF /* Locale+Extensions.swift in Sources */ = {isa = PBXBuildFile; fileRef = C3CE9853244E79DC00D8BADF /* Locale+Extensions.swift */; };
		C3CE9857244FCA4600D8BADF /* InfoPlist.strings in Resources */ = {isa = PBXBuildFile; fileRef = C3CE9859244FCA4600D8BADF /* InfoPlist.strings */; };
		C3D055EF249AF3A500974971 /* ReportModel.swift in Sources */ = {isa = PBXBuildFile; fileRef = C3D055EE249AF3A500974971 /* ReportModel.swift */; };
		C3D055F1249B01BA00974971 /* ReportViewController.swift in Sources */ = {isa = PBXBuildFile; fileRef = C3D055F0249B01BA00974971 /* ReportViewController.swift */; };
		C3D055F3249B1DA900974971 /* GoogleService-Info.plist in Resources */ = {isa = PBXBuildFile; fileRef = C3D055F2249B1DA900974971 /* GoogleService-Info.plist */; };
		C3D055F5249B23A700974971 /* ReportListViewController.swift in Sources */ = {isa = PBXBuildFile; fileRef = C3D055F4249B23A700974971 /* ReportListViewController.swift */; };
		C3D055F7249B2C9900974971 /* ReportDetailViewController.swift in Sources */ = {isa = PBXBuildFile; fileRef = C3D055F6249B2C9900974971 /* ReportDetailViewController.swift */; };
		C3D0F4282433123400039B2E /* ReviewsViewController.swift in Sources */ = {isa = PBXBuildFile; fileRef = C3D0F4272433123400039B2E /* ReviewsViewController.swift */; };
		C3D0F42A2433172200039B2E /* ReviewsMapCellTableViewCell.swift in Sources */ = {isa = PBXBuildFile; fileRef = C3D0F4292433172200039B2E /* ReviewsMapCellTableViewCell.swift */; };
		C3D0F42C24348A8900039B2E /* ReviewsTableViewCell.swift in Sources */ = {isa = PBXBuildFile; fileRef = C3D0F42B24348A8900039B2E /* ReviewsTableViewCell.swift */; };
		C3DC5B842412172D00A028E0 /* UIApplication+Extensions.swift in Sources */ = {isa = PBXBuildFile; fileRef = C3DC5B832412172D00A028E0 /* UIApplication+Extensions.swift */; };
		C3DC5B882412181200A028E0 /* UIColor+Extensions.swift in Sources */ = {isa = PBXBuildFile; fileRef = C3DC5B872412181200A028E0 /* UIColor+Extensions.swift */; };
		C3DC5B8A24121A3100A028E0 /* TodaysTalksTableViewController.swift in Sources */ = {isa = PBXBuildFile; fileRef = C3DC5B8924121A3100A028E0 /* TodaysTalksTableViewController.swift */; };
		C3DC5B8C24121BA500A028E0 /* PostTalkViewController.swift in Sources */ = {isa = PBXBuildFile; fileRef = C3DC5B8B24121BA500A028E0 /* PostTalkViewController.swift */; };
		C3DC5B8F241221F800A028E0 /* Loading.swift in Sources */ = {isa = PBXBuildFile; fileRef = C3DC5B8E241221F800A028E0 /* Loading.swift */; };
		C3DC5B91241224E100A028E0 /* TalkModel.swift in Sources */ = {isa = PBXBuildFile; fileRef = C3DC5B90241224E100A028E0 /* TalkModel.swift */; };
		C3DC5B93241234A100A028E0 /* TodayTalksTableViewCell.swift in Sources */ = {isa = PBXBuildFile; fileRef = C3DC5B92241234A100A028E0 /* TodayTalksTableViewCell.swift */; };
		C3DC5B95241243D400A028E0 /* Consts.swift in Sources */ = {isa = PBXBuildFile; fileRef = C3DC5B94241243D400A028E0 /* Consts.swift */; };
		C3EB27A624263BF200CA59F7 /* ChipView.swift in Sources */ = {isa = PBXBuildFile; fileRef = C3EB27A524263BF200CA59F7 /* ChipView.swift */; };
		C3EDFB05241C6137003EF787 /* StoreStockLogModel.swift in Sources */ = {isa = PBXBuildFile; fileRef = C3EDFB04241C6137003EF787 /* StoreStockLogModel.swift */; };
		C3EDFB07241C653A003EF787 /* StoreStockLogTableViewController.swift in Sources */ = {isa = PBXBuildFile; fileRef = C3EDFB06241C653A003EF787 /* StoreStockLogTableViewController.swift */; };
		C3EF51C3240CE56A00A4C29E /* UserInfoDetailViewController.swift in Sources */ = {isa = PBXBuildFile; fileRef = C3EF51C2240CE56A00A4C29E /* UserInfoDetailViewController.swift */; };
		C3EF51C6240CEABE00A4C29E /* UserDefault+Extensions.swift in Sources */ = {isa = PBXBuildFile; fileRef = C3EF51C5240CEABE00A4C29E /* UserDefault+Extensions.swift */; };
		C3EF51C8240CEB7700A4C29E /* MainNavigationController.swift in Sources */ = {isa = PBXBuildFile; fileRef = C3EF51C7240CEB7700A4C29E /* MainNavigationController.swift */; };
		C3EF51CA240CF4E100A4C29E /* MyProfileViewController.swift in Sources */ = {isa = PBXBuildFile; fileRef = C3EF51C9240CF4E100A4C29E /* MyProfileViewController.swift */; };
		C3FED0B9240F7CB7007A4F4F /* FirebaseStorageHelper.swift in Sources */ = {isa = PBXBuildFile; fileRef = C3FED0B8240F7CB7007A4F4F /* FirebaseStorageHelper.swift */; };
		C3FED0BB240F84BD007A4F4F /* MainTabBarController.swift in Sources */ = {isa = PBXBuildFile; fileRef = C3FED0BA240F84BD007A4F4F /* MainTabBarController.swift */; };
		C3FED0BD240F9F8E007A4F4F /* AuthDataResult+Extensions.swift in Sources */ = {isa = PBXBuildFile; fileRef = C3FED0BC240F9F8E007A4F4F /* AuthDataResult+Extensions.swift */; };
/* End PBXBuildFile section */

/* Begin PBXContainerItemProxy section */
		C39E49952429D6690094E16B /* PBXContainerItemProxy */ = {
			isa = PBXContainerItemProxy;
			containerPortal = C3BDFBF3240CD79D006AE2B3 /* Project object */;
			proxyType = 1;
			remoteGlobalIDString = C39E498F2429D6690094E16B;
			remoteInfo = noficationServiceExtension;
		};
/* End PBXContainerItemProxy section */

/* Begin PBXCopyFilesBuildPhase section */
		C39E49982429D6690094E16B /* Embed App Extensions */ = {
			isa = PBXCopyFilesBuildPhase;
			buildActionMask = 2147483647;
			dstPath = "";
			dstSubfolderSpec = 13;
			files = (
				C39E49972429D6690094E16B /* noficationServiceExtension.appex in Embed App Extensions */,
			);
			name = "Embed App Extensions";
			runOnlyForDeploymentPostprocessing = 0;
		};
/* End PBXCopyFilesBuildPhase section */

/* Begin PBXFileReference section */
		0F06ABC7138C7FD26E1EA293 /* Pods-firebaseTest.debug.xcconfig */ = {isa = PBXFileReference; includeInIndex = 1; lastKnownFileType = text.xcconfig; name = "Pods-firebaseTest.debug.xcconfig"; path = "Target Support Files/Pods-firebaseTest/Pods-firebaseTest.debug.xcconfig"; sourceTree = "<group>"; };
		8BFB0F1EAF5F0A8295286866 /* Pods_firebaseTest.framework */ = {isa = PBXFileReference; explicitFileType = wrapper.framework; includeInIndex = 0; path = Pods_firebaseTest.framework; sourceTree = BUILT_PRODUCTS_DIR; };
		C31DDCB1241DBC8C00F0BAA8 /* StatusViewController.swift */ = {isa = PBXFileReference; lastKnownFileType = sourcecode.swift; path = StatusViewController.swift; sourceTree = "<group>"; };
		C3252306242CD87A0039819D /* NoticeListViewController.swift */ = {isa = PBXFileReference; lastKnownFileType = sourcecode.swift; path = NoticeListViewController.swift; sourceTree = "<group>"; };
		C33839DA241873D600CADC60 /* Toast.swift */ = {isa = PBXFileReference; fileEncoding = 4; lastKnownFileType = sourcecode.swift; path = Toast.swift; sourceTree = "<group>"; };
		C33839E02418AC0F00CADC60 /* StoreModel.swift */ = {isa = PBXFileReference; lastKnownFileType = sourcecode.swift; path = StoreModel.swift; sourceTree = "<group>"; };
		C33839E22418ADD800CADC60 /* LocationManager.swift */ = {isa = PBXFileReference; fileEncoding = 4; lastKnownFileType = sourcecode.swift; path = LocationManager.swift; sourceTree = "<group>"; };
		C33839E42418AE1C00CADC60 /* PermissionData.swift */ = {isa = PBXFileReference; fileEncoding = 4; lastKnownFileType = sourcecode.swift; path = PermissionData.swift; sourceTree = "<group>"; };
		C33839E62418AECD00CADC60 /* MapViewController.swift */ = {isa = PBXFileReference; lastKnownFileType = sourcecode.swift; path = MapViewController.swift; sourceTree = "<group>"; };
		C338BC7B24458CE300E07D0E /* MKMapView+Extensions.swift */ = {isa = PBXFileReference; lastKnownFileType = sourcecode.swift; path = "MKMapView+Extensions.swift"; sourceTree = "<group>"; };
		C346B0522491F1AC0049DE7E /* Colors.xcassets */ = {isa = PBXFileReference; lastKnownFileType = folder.assetcatalog; path = Colors.xcassets; sourceTree = "<group>"; };
		C34C6B542418C1BF001D8CF4 /* StoresTableViewController.swift */ = {isa = PBXFileReference; lastKnownFileType = sourcecode.swift; path = StoresTableViewController.swift; sourceTree = "<group>"; };
		C34C6B562418C2B1001D8CF4 /* ApiManager.swift */ = {isa = PBXFileReference; lastKnownFileType = sourcecode.swift; path = ApiManager.swift; sourceTree = "<group>"; };
		C34C6B582418C7A5001D8CF4 /* StoresTableViewCell.swift */ = {isa = PBXFileReference; lastKnownFileType = sourcecode.swift; path = StoresTableViewCell.swift; sourceTree = "<group>"; };
		C34C6B5A2419CC77001D8CF4 /* EmptyView.swift */ = {isa = PBXFileReference; lastKnownFileType = sourcecode.swift; path = EmptyView.swift; sourceTree = "<group>"; };
		C36149E6242B209C005C2C0B /* RankingTableViewController.swift */ = {isa = PBXFileReference; lastKnownFileType = sourcecode.swift; path = RankingTableViewController.swift; sourceTree = "<group>"; };
		C36149E8242B2439005C2C0B /* RankingTableViewCell.swift */ = {isa = PBXFileReference; lastKnownFileType = sourcecode.swift; path = RankingTableViewCell.swift; sourceTree = "<group>"; };
		C3630FCF241B339E003479C2 /* GameManager.swift */ = {isa = PBXFileReference; lastKnownFileType = sourcecode.swift; path = GameManager.swift; sourceTree = "<group>"; };
		C3630FD2241B51CE003479C2 /* Card.swift */ = {isa = PBXFileReference; lastKnownFileType = sourcecode.swift; path = Card.swift; sourceTree = "<group>"; };
		C3630FD4241B5C7B003479C2 /* CardDackView.swift */ = {isa = PBXFileReference; fileEncoding = 4; lastKnownFileType = sourcecode.swift; path = CardDackView.swift; sourceTree = "<group>"; };
		C3630FD5241B5C7C003479C2 /* CardDackView.xib */ = {isa = PBXFileReference; fileEncoding = 4; lastKnownFileType = file.xib; path = CardDackView.xib; sourceTree = "<group>"; };
		C3630FD8241B5F31003479C2 /* TalkDetailCardTableViewCell.swift */ = {isa = PBXFileReference; lastKnownFileType = sourcecode.swift; path = TalkDetailCardTableViewCell.swift; sourceTree = "<group>"; };
		C36650112422F73F00E2BD24 /* AdminOptions.swift */ = {isa = PBXFileReference; lastKnownFileType = sourcecode.swift; path = AdminOptions.swift; sourceTree = "<group>"; };
		C3665013242300E700E2BD24 /* AdminViewController.swift */ = {isa = PBXFileReference; lastKnownFileType = sourcecode.swift; path = AdminViewController.swift; sourceTree = "<group>"; };
		C36650152423271300E2BD24 /* JackPotManager.swift */ = {isa = PBXFileReference; lastKnownFileType = sourcecode.swift; path = JackPotManager.swift; sourceTree = "<group>"; };
		C366501724233C5600E2BD24 /* JackPotLogModel.swift */ = {isa = PBXFileReference; lastKnownFileType = sourcecode.swift; path = JackPotLogModel.swift; sourceTree = "<group>"; };
		C36A18FD242C3EA4007B9D71 /* TalkHistoryTableViewController.swift */ = {isa = PBXFileReference; lastKnownFileType = sourcecode.swift; path = TalkHistoryTableViewController.swift; sourceTree = "<group>"; };
		C36A18FF242C95BF007B9D71 /* NoticeModel.swift */ = {isa = PBXFileReference; lastKnownFileType = sourcecode.swift; path = NoticeModel.swift; sourceTree = "<group>"; };
		C36A1901242C9CEA007B9D71 /* PostNoticeViewController.swift */ = {isa = PBXFileReference; lastKnownFileType = sourcecode.swift; path = PostNoticeViewController.swift; sourceTree = "<group>"; };
		C36A1903242CA92B007B9D71 /* NoticeViewController.swift */ = {isa = PBXFileReference; lastKnownFileType = sourcecode.swift; path = NoticeViewController.swift; sourceTree = "<group>"; };
		C36A1905242DB492007B9D71 /* PopupMapViewController.swift */ = {isa = PBXFileReference; lastKnownFileType = sourcecode.swift; path = PopupMapViewController.swift; sourceTree = "<group>"; };
		C370C9F02415F94300026E86 /* LikeModel.swift */ = {isa = PBXFileReference; lastKnownFileType = sourcecode.swift; path = LikeModel.swift; sourceTree = "<group>"; };
		C370C9F4241747BF00026E86 /* TalkDetailTableViewController.swift */ = {isa = PBXFileReference; lastKnownFileType = sourcecode.swift; path = TalkDetailTableViewController.swift; sourceTree = "<group>"; };
		C370C9F62417506600026E86 /* TalkDetailUserInfoTableViewCell.swift */ = {isa = PBXFileReference; lastKnownFileType = sourcecode.swift; path = TalkDetailUserInfoTableViewCell.swift; sourceTree = "<group>"; };
		C370C9F82417516100026E86 /* TalkDetailEditHistoryTableViewCell.swift */ = {isa = PBXFileReference; lastKnownFileType = sourcecode.swift; path = TalkDetailEditHistoryTableViewCell.swift; sourceTree = "<group>"; };
		C370C9FA2417688A00026E86 /* Date+extensions.swift */ = {isa = PBXFileReference; lastKnownFileType = sourcecode.swift; path = "Date+extensions.swift"; sourceTree = "<group>"; };
		C370C9FC24176C6B00026E86 /* UserListTableViewController.swift */ = {isa = PBXFileReference; lastKnownFileType = sourcecode.swift; path = UserListTableViewController.swift; sourceTree = "<group>"; };
		C371E9AE2440697F00FB36D2 /* ReviewDetailViewController.swift */ = {isa = PBXFileReference; lastKnownFileType = sourcecode.swift; path = ReviewDetailViewController.swift; sourceTree = "<group>"; };
		C37509F22456CE9B0092FD78 /* en */ = {isa = PBXFileReference; lastKnownFileType = text.plist.strings; name = en; path = en.lproj/Localizable.strings; sourceTree = "<group>"; };
		C37509F42456CED70092FD78 /* ko */ = {isa = PBXFileReference; lastKnownFileType = text.plist.strings; name = ko; path = ko.lproj/Main.strings; sourceTree = "<group>"; };
		C37509F52456CED70092FD78 /* ko */ = {isa = PBXFileReference; lastKnownFileType = text.plist.strings; name = ko; path = ko.lproj/LaunchScreen.strings; sourceTree = "<group>"; };
		C37509F62456CED70092FD78 /* ko */ = {isa = PBXFileReference; lastKnownFileType = text.plist.strings; name = ko; path = ko.lproj/InfoPlist.strings; sourceTree = "<group>"; };
		C37509F72456CED70092FD78 /* ko */ = {isa = PBXFileReference; lastKnownFileType = text.plist.strings; name = ko; path = ko.lproj/Localizable.strings; sourceTree = "<group>"; };
		C3757AF7241BC76500FB1819 /* GoogleAd.swift */ = {isa = PBXFileReference; lastKnownFileType = sourcecode.swift; path = GoogleAd.swift; sourceTree = "<group>"; };
		C3780E59240DDEEC006070CF /* UserInfo.swift */ = {isa = PBXFileReference; lastKnownFileType = sourcecode.swift; path = UserInfo.swift; sourceTree = "<group>"; };
		C3780E5B240DE535006070CF /* String+Extensions.swift */ = {isa = PBXFileReference; lastKnownFileType = sourcecode.swift; path = "String+Extensions.swift"; sourceTree = "<group>"; };
		C3780E60240E2CD6006070CF /* UIImageView+Extensions.swift */ = {isa = PBXFileReference; lastKnownFileType = sourcecode.swift; path = "UIImageView+Extensions.swift"; sourceTree = "<group>"; };
		C3780E66240F44AF006070CF /* LoginViewController.swift */ = {isa = PBXFileReference; lastKnownFileType = sourcecode.swift; path = LoginViewController.swift; sourceTree = "<group>"; };
		C37BF64224443582002E4666 /* CGSize+Extensions.swift */ = {isa = PBXFileReference; lastKnownFileType = sourcecode.swift; path = "CGSize+Extensions.swift"; sourceTree = "<group>"; };
		C37E86902423410700F87D4D /* JackPotHistoryLogTableViewController.swift */ = {isa = PBXFileReference; lastKnownFileType = sourcecode.swift; path = JackPotHistoryLogTableViewController.swift; sourceTree = "<group>"; };
		C37EE3D8248F6E220093A801 /* AuthenticationServices.framework */ = {isa = PBXFileReference; lastKnownFileType = wrapper.framework; name = AuthenticationServices.framework; path = System/Library/Frameworks/AuthenticationServices.framework; sourceTree = SDKROOT; };
		C37EE3DA248F73C80093A801 /* SigninWithApple.swift */ = {isa = PBXFileReference; lastKnownFileType = sourcecode.swift; path = SigninWithApple.swift; sourceTree = "<group>"; };
		C37EE3DC248F7ADB0093A801 /* UIViewController+Extensions.swift */ = {isa = PBXFileReference; lastKnownFileType = sourcecode.swift; path = "UIViewController+Extensions.swift"; sourceTree = "<group>"; };
		C386C791241A0B1C0034132B /* Int+Extensions.swift */ = {isa = PBXFileReference; lastKnownFileType = sourcecode.swift; path = "Int+Extensions.swift"; sourceTree = "<group>"; };
		C38EF932242493B1006D6732 /* WebViewController.swift */ = {isa = PBXFileReference; lastKnownFileType = sourcecode.swift; path = WebViewController.swift; sourceTree = "<group>"; };
		C39003862421D38800CC4E3A /* StoreWaitingModel.swift */ = {isa = PBXFileReference; lastKnownFileType = sourcecode.swift; path = StoreWaitingModel.swift; sourceTree = "<group>"; };
		C39003892421E9B700CC4E3A /* StoreWaittingTableViewController.swift */ = {isa = PBXFileReference; lastKnownFileType = sourcecode.swift; path = StoreWaittingTableViewController.swift; sourceTree = "<group>"; };
		C390038B24220DC100CC4E3A /* WattingLogTableViewCell.swift */ = {isa = PBXFileReference; lastKnownFileType = sourcecode.swift; path = WattingLogTableViewCell.swift; sourceTree = "<group>"; };
		C3952900242DBE3F0050C80D /* UIImage+Extensions.swift */ = {isa = PBXFileReference; lastKnownFileType = sourcecode.swift; path = "UIImage+Extensions.swift"; sourceTree = "<group>"; };
		C3952904242DE8BA0050C80D /* UITableView+Extensions.swift */ = {isa = PBXFileReference; lastKnownFileType = sourcecode.swift; path = "UITableView+Extensions.swift"; sourceTree = "<group>"; };
		C39529062432F0660050C80D /* ReviewModel.swift */ = {isa = PBXFileReference; lastKnownFileType = sourcecode.swift; path = ReviewModel.swift; sourceTree = "<group>"; };
		C39529082432FA3E0050C80D /* Array+Extensions.swift */ = {isa = PBXFileReference; lastKnownFileType = sourcecode.swift; path = "Array+Extensions.swift"; sourceTree = "<group>"; };
		C395290A2432FEE80050C80D /* Set+Extensions.swift */ = {isa = PBXFileReference; lastKnownFileType = sourcecode.swift; path = "Set+Extensions.swift"; sourceTree = "<group>"; };
		C395290C243307B40050C80D /* MyReview.storyboard */ = {isa = PBXFileReference; lastKnownFileType = file.storyboard; path = MyReview.storyboard; sourceTree = "<group>"; };
		C395290F243308910050C80D /* MyReviewWriteController.swift */ = {isa = PBXFileReference; lastKnownFileType = sourcecode.swift; path = MyReviewWriteController.swift; sourceTree = "<group>"; };
		C39A6EC9241F2B1900460705 /* TalkDetailCardDackTavleViewCell.swift */ = {isa = PBXFileReference; lastKnownFileType = sourcecode.swift; path = TalkDetailCardDackTavleViewCell.swift; sourceTree = "<group>"; };
		C39A6ECB241F368000460705 /* HoldemView.xib */ = {isa = PBXFileReference; lastKnownFileType = file.xib; path = HoldemView.xib; sourceTree = "<group>"; };
		C39A6ECD241F386400460705 /* HoldemView.swift */ = {isa = PBXFileReference; lastKnownFileType = sourcecode.swift; path = HoldemView.swift; sourceTree = "<group>"; };
		C39A6ECF241F524800460705 /* StoreStockLogTableViewCell.swift */ = {isa = PBXFileReference; lastKnownFileType = sourcecode.swift; path = StoreStockLogTableViewCell.swift; sourceTree = "<group>"; };
		C39A6ED3241F6CE100460705 /* HoldemViewController.swift */ = {isa = PBXFileReference; lastKnownFileType = sourcecode.swift; path = HoldemViewController.swift; sourceTree = "<group>"; };
		C39A6ED524208ABA00460705 /* Dealar.swift */ = {isa = PBXFileReference; lastKnownFileType = sourcecode.swift; path = Dealar.swift; sourceTree = "<group>"; };
		C39A6ED72420A04B00460705 /* TalkDetailHoldemTableViewCell.swift */ = {isa = PBXFileReference; lastKnownFileType = sourcecode.swift; path = TalkDetailHoldemTableViewCell.swift; sourceTree = "<group>"; };
		C39E49862428A36F0094E16B /* UIView+Extensions.swift */ = {isa = PBXFileReference; lastKnownFileType = sourcecode.swift; path = "UIView+Extensions.swift"; sourceTree = "<group>"; };
		C39E49902429D6690094E16B /* noficationServiceExtension.appex */ = {isa = PBXFileReference; explicitFileType = "wrapper.app-extension"; includeInIndex = 0; path = noficationServiceExtension.appex; sourceTree = BUILT_PRODUCTS_DIR; };
		C39E49922429D6690094E16B /* NotificationService.swift */ = {isa = PBXFileReference; lastKnownFileType = sourcecode.swift; path = NotificationService.swift; sourceTree = "<group>"; };
		C39E49942429D6690094E16B /* Info.plist */ = {isa = PBXFileReference; lastKnownFileType = text.plist.xml; path = Info.plist; sourceTree = "<group>"; };
		C39E499D2429E20A0094E16B /* Exp.swift */ = {isa = PBXFileReference; lastKnownFileType = sourcecode.swift; path = Exp.swift; sourceTree = "<group>"; };
		C3BDFBFB240CD79D006AE2B3 /* mask now.app */ = {isa = PBXFileReference; explicitFileType = wrapper.application; includeInIndex = 0; path = "mask now.app"; sourceTree = BUILT_PRODUCTS_DIR; };
		C3BDFBFE240CD79D006AE2B3 /* AppDelegate.swift */ = {isa = PBXFileReference; lastKnownFileType = sourcecode.swift; path = AppDelegate.swift; sourceTree = "<group>"; };
		C3BDFC05240CD79D006AE2B3 /* Base */ = {isa = PBXFileReference; lastKnownFileType = file.storyboard; name = Base; path = Base.lproj/Main.storyboard; sourceTree = "<group>"; };
		C3BDFC07240CD7A1006AE2B3 /* Assets.xcassets */ = {isa = PBXFileReference; lastKnownFileType = folder.assetcatalog; path = Assets.xcassets; sourceTree = "<group>"; };
		C3BDFC0A240CD7A1006AE2B3 /* Base */ = {isa = PBXFileReference; lastKnownFileType = file.storyboard; name = Base; path = Base.lproj/LaunchScreen.storyboard; sourceTree = "<group>"; };
		C3BDFC0C240CD7A1006AE2B3 /* Info.plist */ = {isa = PBXFileReference; lastKnownFileType = text.plist.xml; path = Info.plist; sourceTree = "<group>"; };
		C3C25C052421A998006DB36E /* CardDeckBoxView.swift */ = {isa = PBXFileReference; lastKnownFileType = sourcecode.swift; path = CardDeckBoxView.swift; sourceTree = "<group>"; };
		C3C43A1B241A6E95002788B1 /* TalkDetailMapTableViewCell.swift */ = {isa = PBXFileReference; lastKnownFileType = sourcecode.swift; path = TalkDetailMapTableViewCell.swift; sourceTree = "<group>"; };
		C3C633C52448396700B526C0 /* LightBodImage+Extensions.swift */ = {isa = PBXFileReference; lastKnownFileType = sourcecode.swift; path = "LightBodImage+Extensions.swift"; sourceTree = "<group>"; };
		C3C633C724493D7700B526C0 /* ReviewHistoryTableViewController.swift */ = {isa = PBXFileReference; lastKnownFileType = sourcecode.swift; path = ReviewHistoryTableViewController.swift; sourceTree = "<group>"; };
		C3CE9851244D7FC400D8BADF /* AddressModel.swift */ = {isa = PBXFileReference; lastKnownFileType = sourcecode.swift; path = AddressModel.swift; sourceTree = "<group>"; };
		C3CE9853244E79DC00D8BADF /* Locale+Extensions.swift */ = {isa = PBXFileReference; lastKnownFileType = sourcecode.swift; path = "Locale+Extensions.swift"; sourceTree = "<group>"; };
		C3CE985A244FCACD00D8BADF /* en-001 */ = {isa = PBXFileReference; lastKnownFileType = text.plist.strings; name = "en-001"; path = "en-001.lproj/Main.strings"; sourceTree = "<group>"; };
		C3CE985B244FCACD00D8BADF /* en-001 */ = {isa = PBXFileReference; lastKnownFileType = text.plist.strings; name = "en-001"; path = "en-001.lproj/LaunchScreen.strings"; sourceTree = "<group>"; };
		C3CE985C244FCACE00D8BADF /* en-001 */ = {isa = PBXFileReference; lastKnownFileType = text.plist.strings; name = "en-001"; path = "en-001.lproj/InfoPlist.strings"; sourceTree = "<group>"; };
		C3CE985D244FD59900D8BADF /* en */ = {isa = PBXFileReference; lastKnownFileType = text.plist.strings; name = en; path = en.lproj/InfoPlist.strings; sourceTree = "<group>"; };
		C3D055EE249AF3A500974971 /* ReportModel.swift */ = {isa = PBXFileReference; lastKnownFileType = sourcecode.swift; path = ReportModel.swift; sourceTree = "<group>"; };
		C3D055F0249B01BA00974971 /* ReportViewController.swift */ = {isa = PBXFileReference; lastKnownFileType = sourcecode.swift; path = ReportViewController.swift; sourceTree = "<group>"; };
		C3D055F2249B1DA900974971 /* GoogleService-Info.plist */ = {isa = PBXFileReference; fileEncoding = 4; lastKnownFileType = text.plist.xml; path = "GoogleService-Info.plist"; sourceTree = "<group>"; };
		C3D055F4249B23A700974971 /* ReportListViewController.swift */ = {isa = PBXFileReference; lastKnownFileType = sourcecode.swift; path = ReportListViewController.swift; sourceTree = "<group>"; };
		C3D055F6249B2C9900974971 /* ReportDetailViewController.swift */ = {isa = PBXFileReference; lastKnownFileType = sourcecode.swift; path = ReportDetailViewController.swift; sourceTree = "<group>"; };
		C3D0F4272433123400039B2E /* ReviewsViewController.swift */ = {isa = PBXFileReference; lastKnownFileType = sourcecode.swift; path = ReviewsViewController.swift; sourceTree = "<group>"; };
		C3D0F4292433172200039B2E /* ReviewsMapCellTableViewCell.swift */ = {isa = PBXFileReference; lastKnownFileType = sourcecode.swift; path = ReviewsMapCellTableViewCell.swift; sourceTree = "<group>"; };
		C3D0F42B24348A8900039B2E /* ReviewsTableViewCell.swift */ = {isa = PBXFileReference; lastKnownFileType = sourcecode.swift; path = ReviewsTableViewCell.swift; sourceTree = "<group>"; };
		C3DC5B832412172D00A028E0 /* UIApplication+Extensions.swift */ = {isa = PBXFileReference; lastKnownFileType = sourcecode.swift; path = "UIApplication+Extensions.swift"; sourceTree = "<group>"; };
		C3DC5B872412181200A028E0 /* UIColor+Extensions.swift */ = {isa = PBXFileReference; lastKnownFileType = sourcecode.swift; path = "UIColor+Extensions.swift"; sourceTree = "<group>"; };
		C3DC5B8924121A3100A028E0 /* TodaysTalksTableViewController.swift */ = {isa = PBXFileReference; lastKnownFileType = sourcecode.swift; path = TodaysTalksTableViewController.swift; sourceTree = "<group>"; };
		C3DC5B8B24121BA500A028E0 /* PostTalkViewController.swift */ = {isa = PBXFileReference; lastKnownFileType = sourcecode.swift; path = PostTalkViewController.swift; sourceTree = "<group>"; };
		C3DC5B8E241221F800A028E0 /* Loading.swift */ = {isa = PBXFileReference; lastKnownFileType = sourcecode.swift; path = Loading.swift; sourceTree = "<group>"; };
		C3DC5B90241224E100A028E0 /* TalkModel.swift */ = {isa = PBXFileReference; lastKnownFileType = sourcecode.swift; path = TalkModel.swift; sourceTree = "<group>"; };
		C3DC5B92241234A100A028E0 /* TodayTalksTableViewCell.swift */ = {isa = PBXFileReference; lastKnownFileType = sourcecode.swift; path = TodayTalksTableViewCell.swift; sourceTree = "<group>"; };
		C3DC5B94241243D400A028E0 /* Consts.swift */ = {isa = PBXFileReference; lastKnownFileType = sourcecode.swift; path = Consts.swift; sourceTree = "<group>"; };
		C3EB27A524263BF200CA59F7 /* ChipView.swift */ = {isa = PBXFileReference; lastKnownFileType = sourcecode.swift; path = ChipView.swift; sourceTree = "<group>"; };
		C3EB27A724270FB400CA59F7 /* mask now.entitlements */ = {isa = PBXFileReference; lastKnownFileType = text.plist.entitlements; path = "mask now.entitlements"; sourceTree = "<group>"; };
		C3EDFB04241C6137003EF787 /* StoreStockLogModel.swift */ = {isa = PBXFileReference; lastKnownFileType = sourcecode.swift; path = StoreStockLogModel.swift; sourceTree = "<group>"; };
		C3EDFB06241C653A003EF787 /* StoreStockLogTableViewController.swift */ = {isa = PBXFileReference; lastKnownFileType = sourcecode.swift; path = StoreStockLogTableViewController.swift; sourceTree = "<group>"; };
		C3EF51C2240CE56A00A4C29E /* UserInfoDetailViewController.swift */ = {isa = PBXFileReference; lastKnownFileType = sourcecode.swift; path = UserInfoDetailViewController.swift; sourceTree = "<group>"; };
		C3EF51C5240CEABE00A4C29E /* UserDefault+Extensions.swift */ = {isa = PBXFileReference; lastKnownFileType = sourcecode.swift; path = "UserDefault+Extensions.swift"; sourceTree = "<group>"; };
		C3EF51C7240CEB7700A4C29E /* MainNavigationController.swift */ = {isa = PBXFileReference; lastKnownFileType = sourcecode.swift; path = MainNavigationController.swift; sourceTree = "<group>"; };
		C3EF51C9240CF4E100A4C29E /* MyProfileViewController.swift */ = {isa = PBXFileReference; lastKnownFileType = sourcecode.swift; path = MyProfileViewController.swift; sourceTree = "<group>"; };
		C3FED0B8240F7CB7007A4F4F /* FirebaseStorageHelper.swift */ = {isa = PBXFileReference; lastKnownFileType = sourcecode.swift; path = FirebaseStorageHelper.swift; sourceTree = "<group>"; };
		C3FED0BA240F84BD007A4F4F /* MainTabBarController.swift */ = {isa = PBXFileReference; lastKnownFileType = sourcecode.swift; path = MainTabBarController.swift; sourceTree = "<group>"; };
		C3FED0BC240F9F8E007A4F4F /* AuthDataResult+Extensions.swift */ = {isa = PBXFileReference; lastKnownFileType = sourcecode.swift; path = "AuthDataResult+Extensions.swift"; sourceTree = "<group>"; };
		FB28C5BE5C3633710658148E /* Pods-firebaseTest.release.xcconfig */ = {isa = PBXFileReference; includeInIndex = 1; lastKnownFileType = text.xcconfig; name = "Pods-firebaseTest.release.xcconfig"; path = "Target Support Files/Pods-firebaseTest/Pods-firebaseTest.release.xcconfig"; sourceTree = "<group>"; };
/* End PBXFileReference section */

/* Begin PBXFrameworksBuildPhase section */
		C39E498D2429D6690094E16B /* Frameworks */ = {
			isa = PBXFrameworksBuildPhase;
			buildActionMask = 2147483647;
			files = (
			);
			runOnlyForDeploymentPostprocessing = 0;
		};
		C3BDFBF8240CD79D006AE2B3 /* Frameworks */ = {
			isa = PBXFrameworksBuildPhase;
			buildActionMask = 2147483647;
			files = (
				C37EE3D9248F6E220093A801 /* AuthenticationServices.framework in Frameworks */,
				313AEA29D63D2AF8108134B0 /* Pods_firebaseTest.framework in Frameworks */,
			);
			runOnlyForDeploymentPostprocessing = 0;
		};
/* End PBXFrameworksBuildPhase section */

/* Begin PBXGroup section */
		5078255D45C7ABEAB94EEF59 /* Pods */ = {
			isa = PBXGroup;
			children = (
				0F06ABC7138C7FD26E1EA293 /* Pods-firebaseTest.debug.xcconfig */,
				FB28C5BE5C3633710658148E /* Pods-firebaseTest.release.xcconfig */,
			);
			path = Pods;
			sourceTree = "<group>";
		};
		50F9E479A00CD2C03663B0C9 /* Frameworks */ = {
			isa = PBXGroup;
			children = (
				C37EE3D8248F6E220093A801 /* AuthenticationServices.framework */,
				8BFB0F1EAF5F0A8295286866 /* Pods_firebaseTest.framework */,
			);
			name = Frameworks;
			sourceTree = "<group>";
		};
		C3630FD1241B51C1003479C2 /* Game */ = {
			isa = PBXGroup;
			children = (
				C3630FD4241B5C7B003479C2 /* CardDackView.swift */,
				C3EB27A524263BF200CA59F7 /* ChipView.swift */,
				C3630FD5241B5C7C003479C2 /* CardDackView.xib */,
				C3630FD2241B51CE003479C2 /* Card.swift */,
				C39A6ECB241F368000460705 /* HoldemView.xib */,
				C39A6ECD241F386400460705 /* HoldemView.swift */,
				C39A6ED524208ABA00460705 /* Dealar.swift */,
				C3C25C052421A998006DB36E /* CardDeckBoxView.swift */,
				C36650152423271300E2BD24 /* JackPotManager.swift */,
			);
			path = Game;
			sourceTree = "<group>";
		};
		C3780E5F240E15D0006070CF /* Main */ = {
			isa = PBXGroup;
			children = (
				C3BDFC04240CD79D006AE2B3 /* Main.storyboard */,
				C3EF51C7240CEB7700A4C29E /* MainNavigationController.swift */,
				C33839E62418AECD00CADC60 /* MapViewController.swift */,
				C3EF51C2240CE56A00A4C29E /* UserInfoDetailViewController.swift */,
				C3EF51C9240CF4E100A4C29E /* MyProfileViewController.swift */,
				C3780E66240F44AF006070CF /* LoginViewController.swift */,
				C3FED0BA240F84BD007A4F4F /* MainTabBarController.swift */,
				C3DC5B8924121A3100A028E0 /* TodaysTalksTableViewController.swift */,
				C3DC5B8B24121BA500A028E0 /* PostTalkViewController.swift */,
				C3DC5B92241234A100A028E0 /* TodayTalksTableViewCell.swift */,
				C370C9F4241747BF00026E86 /* TalkDetailTableViewController.swift */,
				C370C9F62417506600026E86 /* TalkDetailUserInfoTableViewCell.swift */,
				C3C43A1B241A6E95002788B1 /* TalkDetailMapTableViewCell.swift */,
				C39A6EC9241F2B1900460705 /* TalkDetailCardDackTavleViewCell.swift */,
				C39A6ED72420A04B00460705 /* TalkDetailHoldemTableViewCell.swift */,
				C3630FD8241B5F31003479C2 /* TalkDetailCardTableViewCell.swift */,
				C370C9F82417516100026E86 /* TalkDetailEditHistoryTableViewCell.swift */,
				C370C9FC24176C6B00026E86 /* UserListTableViewController.swift */,
				C34C6B542418C1BF001D8CF4 /* StoresTableViewController.swift */,
				C34C6B582418C7A5001D8CF4 /* StoresTableViewCell.swift */,
				C3EDFB06241C653A003EF787 /* StoreStockLogTableViewController.swift */,
				C39003892421E9B700CC4E3A /* StoreWaittingTableViewController.swift */,
				C34C6B5A2419CC77001D8CF4 /* EmptyView.swift */,
				C31DDCB1241DBC8C00F0BAA8 /* StatusViewController.swift */,
				C39A6ECF241F524800460705 /* StoreStockLogTableViewCell.swift */,
				C39A6ED3241F6CE100460705 /* HoldemViewController.swift */,
				C390038B24220DC100CC4E3A /* WattingLogTableViewCell.swift */,
				C3665013242300E700E2BD24 /* AdminViewController.swift */,
				C37E86902423410700F87D4D /* JackPotHistoryLogTableViewController.swift */,
				C38EF932242493B1006D6732 /* WebViewController.swift */,
				C36149E6242B209C005C2C0B /* RankingTableViewController.swift */,
				C36149E8242B2439005C2C0B /* RankingTableViewCell.swift */,
				C36A18FD242C3EA4007B9D71 /* TalkHistoryTableViewController.swift */,
				C36A1901242C9CEA007B9D71 /* PostNoticeViewController.swift */,
				C36A1903242CA92B007B9D71 /* NoticeViewController.swift */,
				C3252306242CD87A0039819D /* NoticeListViewController.swift */,
				C36A1905242DB492007B9D71 /* PopupMapViewController.swift */,
			);
			path = Main;
			sourceTree = "<group>";
		};
		C3780E68240F5B94006070CF /* DB */ = {
			isa = PBXGroup;
			children = (
				C366501724233C5600E2BD24 /* JackPotLogModel.swift */,
				C3780E59240DDEEC006070CF /* UserInfo.swift */,
				C370C9F02415F94300026E86 /* LikeModel.swift */,
				C3DC5B90241224E100A028E0 /* TalkModel.swift */,
				C33839E02418AC0F00CADC60 /* StoreModel.swift */,
				C3EDFB04241C6137003EF787 /* StoreStockLogModel.swift */,
				C39003862421D38800CC4E3A /* StoreWaitingModel.swift */,
				C36A18FF242C95BF007B9D71 /* NoticeModel.swift */,
				C39529062432F0660050C80D /* ReviewModel.swift */,
				C3CE9851244D7FC400D8BADF /* AddressModel.swift */,
				C3D055EE249AF3A500974971 /* ReportModel.swift */,
			);
			path = DB;
			sourceTree = "<group>";
		};
		C395290E243307D50050C80D /* MyReview */ = {
			isa = PBXGroup;
			children = (
				C395290C243307B40050C80D /* MyReview.storyboard */,
				C3D055F0249B01BA00974971 /* ReportViewController.swift */,
				C395290F243308910050C80D /* MyReviewWriteController.swift */,
				C3D0F4292433172200039B2E /* ReviewsMapCellTableViewCell.swift */,
				C3D0F4272433123400039B2E /* ReviewsViewController.swift */,
				C3D0F42B24348A8900039B2E /* ReviewsTableViewCell.swift */,
				C371E9AE2440697F00FB36D2 /* ReviewDetailViewController.swift */,
				C3C633C724493D7700B526C0 /* ReviewHistoryTableViewController.swift */,
				C3D055F4249B23A700974971 /* ReportListViewController.swift */,
				C3D055F6249B2C9900974971 /* ReportDetailViewController.swift */,
			);
			path = MyReview;
			sourceTree = "<group>";
		};
		C39E49912429D6690094E16B /* noficationServiceExtension */ = {
			isa = PBXGroup;
			children = (
				C39E49922429D6690094E16B /* NotificationService.swift */,
				C39E49942429D6690094E16B /* Info.plist */,
			);
			path = noficationServiceExtension;
			sourceTree = "<group>";
		};
		C3BDFBF2240CD79D006AE2B3 = {
			isa = PBXGroup;
			children = (
				C3BDFBFD240CD79D006AE2B3 /* firebaseTest */,
				C39E49912429D6690094E16B /* noficationServiceExtension */,
				C3BDFBFC240CD79D006AE2B3 /* Products */,
				5078255D45C7ABEAB94EEF59 /* Pods */,
				50F9E479A00CD2C03663B0C9 /* Frameworks */,
			);
			sourceTree = "<group>";
		};
		C3BDFBFC240CD79D006AE2B3 /* Products */ = {
			isa = PBXGroup;
			children = (
				C3BDFBFB240CD79D006AE2B3 /* mask now.app */,
				C39E49902429D6690094E16B /* noficationServiceExtension.appex */,
			);
			name = Products;
			sourceTree = "<group>";
		};
		C3BDFBFD240CD79D006AE2B3 /* firebaseTest */ = {
			isa = PBXGroup;
			children = (
				C3EB27A724270FB400CA59F7 /* mask now.entitlements */,
				C3630FD1241B51C1003479C2 /* Game */,
				C3DC5B8D241221EE00A028E0 /* Utills */,
				C3FED0B7240F7C90007A4F4F /* firebaseUtil */,
				C3780E68240F5B94006070CF /* DB */,
				C3EF51C4240CEAA700A4C29E /* Extensions */,
				C3BDFBFE240CD79D006AE2B3 /* AppDelegate.swift */,
				C395290E243307D50050C80D /* MyReview */,
				C3780E5F240E15D0006070CF /* Main */,
				C3BDFC07240CD7A1006AE2B3 /* Assets.xcassets */,
				C346B0522491F1AC0049DE7E /* Colors.xcassets */,
				C3BDFC09240CD7A1006AE2B3 /* LaunchScreen.storyboard */,
				C3BDFC0C240CD7A1006AE2B3 /* Info.plist */,
				C3D055F2249B1DA900974971 /* GoogleService-Info.plist */,
				C3CE9859244FCA4600D8BADF /* InfoPlist.strings */,
				C37509F32456CE9B0092FD78 /* Localizable.strings */,
			);
			path = firebaseTest;
			sourceTree = "<group>";
		};
		C3DC5B8D241221EE00A028E0 /* Utills */ = {
			isa = PBXGroup;
			children = (
				C3757AF7241BC76500FB1819 /* GoogleAd.swift */,
				C33839E42418AE1C00CADC60 /* PermissionData.swift */,
				C33839E22418ADD800CADC60 /* LocationManager.swift */,
				C33839DA241873D600CADC60 /* Toast.swift */,
				C3DC5B8E241221F800A028E0 /* Loading.swift */,
				C3DC5B94241243D400A028E0 /* Consts.swift */,
				C34C6B562418C2B1001D8CF4 /* ApiManager.swift */,
				C3630FCF241B339E003479C2 /* GameManager.swift */,
				C36650112422F73F00E2BD24 /* AdminOptions.swift */,
				C39E499D2429E20A0094E16B /* Exp.swift */,
				C39529082432FA3E0050C80D /* Array+Extensions.swift */,
				C395290A2432FEE80050C80D /* Set+Extensions.swift */,
				C37EE3DA248F73C80093A801 /* SigninWithApple.swift */,
			);
			path = Utills;
			sourceTree = "<group>";
		};
		C3EF51C4240CEAA700A4C29E /* Extensions */ = {
			isa = PBXGroup;
			children = (
				C386C791241A0B1C0034132B /* Int+Extensions.swift */,
				C3EF51C5240CEABE00A4C29E /* UserDefault+Extensions.swift */,
				C3780E5B240DE535006070CF /* String+Extensions.swift */,
				C3780E60240E2CD6006070CF /* UIImageView+Extensions.swift */,
				C3FED0BC240F9F8E007A4F4F /* AuthDataResult+Extensions.swift */,
				C3DC5B832412172D00A028E0 /* UIApplication+Extensions.swift */,
				C3DC5B872412181200A028E0 /* UIColor+Extensions.swift */,
				C370C9FA2417688A00026E86 /* Date+extensions.swift */,
				C39E49862428A36F0094E16B /* UIView+Extensions.swift */,
				C3952900242DBE3F0050C80D /* UIImage+Extensions.swift */,
				C3952904242DE8BA0050C80D /* UITableView+Extensions.swift */,
				C37BF64224443582002E4666 /* CGSize+Extensions.swift */,
				C338BC7B24458CE300E07D0E /* MKMapView+Extensions.swift */,
				C3C633C52448396700B526C0 /* LightBodImage+Extensions.swift */,
				C3CE9853244E79DC00D8BADF /* Locale+Extensions.swift */,
				C37EE3DC248F7ADB0093A801 /* UIViewController+Extensions.swift */,
			);
			path = Extensions;
			sourceTree = "<group>";
		};
		C3FED0B7240F7C90007A4F4F /* firebaseUtil */ = {
			isa = PBXGroup;
			children = (
				C3FED0B8240F7CB7007A4F4F /* FirebaseStorageHelper.swift */,
			);
			path = firebaseUtil;
			sourceTree = "<group>";
		};
/* End PBXGroup section */

/* Begin PBXNativeTarget section */
		C39E498F2429D6690094E16B /* noficationServiceExtension */ = {
			isa = PBXNativeTarget;
			buildConfigurationList = C39E499B2429D6690094E16B /* Build configuration list for PBXNativeTarget "noficationServiceExtension" */;
			buildPhases = (
				C39E498C2429D6690094E16B /* Sources */,
				C39E498D2429D6690094E16B /* Frameworks */,
				C39E498E2429D6690094E16B /* Resources */,
			);
			buildRules = (
			);
			dependencies = (
			);
			name = noficationServiceExtension;
			productName = noficationServiceExtension;
			productReference = C39E49902429D6690094E16B /* noficationServiceExtension.appex */;
			productType = "com.apple.product-type.app-extension";
		};
		C3BDFBFA240CD79D006AE2B3 /* firebaseTest */ = {
			isa = PBXNativeTarget;
			buildConfigurationList = C3BDFC0F240CD7A1006AE2B3 /* Build configuration list for PBXNativeTarget "firebaseTest" */;
			buildPhases = (
				EF59CE91D587D5952EF64B88 /* [CP] Check Pods Manifest.lock */,
				C3BDFBF7240CD79D006AE2B3 /* Sources */,
				C3BDFBF8240CD79D006AE2B3 /* Frameworks */,
				C3BDFBF9240CD79D006AE2B3 /* Resources */,
				39EDDF3081B93368F35F9EB3 /* [CP] Embed Pods Frameworks */,
				D324A7017D568B367D56C86E /* [CP] Copy Pods Resources */,
				C39003882421DDB000CC4E3A /* ShellScript */,
				C39E49982429D6690094E16B /* Embed App Extensions */,
			);
			buildRules = (
			);
			dependencies = (
				C39E49962429D6690094E16B /* PBXTargetDependency */,
			);
			name = firebaseTest;
			productName = firebaseTest;
			productReference = C3BDFBFB240CD79D006AE2B3 /* mask now.app */;
			productType = "com.apple.product-type.application";
		};
/* End PBXNativeTarget section */

/* Begin PBXProject section */
		C3BDFBF3240CD79D006AE2B3 /* Project object */ = {
			isa = PBXProject;
			attributes = {
				LastSwiftUpdateCheck = 1130;
				LastUpgradeCheck = 1130;
				ORGANIZATIONNAME = "Changyul Seo";
				TargetAttributes = {
					C39E498F2429D6690094E16B = {
						CreatedOnToolsVersion = 11.3.1;
					};
					C3BDFBFA240CD79D006AE2B3 = {
						CreatedOnToolsVersion = 11.3.1;
					};
				};
			};
			buildConfigurationList = C3BDFBF6240CD79D006AE2B3 /* Build configuration list for PBXProject "firebaseTest" */;
			compatibilityVersion = "Xcode 9.3";
			developmentRegion = en;
			hasScannedForEncodings = 0;
			knownRegions = (
				en,
				Base,
				"en-001",
				ko,
			);
			mainGroup = C3BDFBF2240CD79D006AE2B3;
			productRefGroup = C3BDFBFC240CD79D006AE2B3 /* Products */;
			projectDirPath = "";
			projectRoot = "";
			targets = (
				C3BDFBFA240CD79D006AE2B3 /* firebaseTest */,
				C39E498F2429D6690094E16B /* noficationServiceExtension */,
			);
		};
/* End PBXProject section */

/* Begin PBXResourcesBuildPhase section */
		C39E498E2429D6690094E16B /* Resources */ = {
			isa = PBXResourcesBuildPhase;
			buildActionMask = 2147483647;
			files = (
			);
			runOnlyForDeploymentPostprocessing = 0;
		};
		C3BDFBF9240CD79D006AE2B3 /* Resources */ = {
			isa = PBXResourcesBuildPhase;
			buildActionMask = 2147483647;
			files = (
				C37509F12456CE9B0092FD78 /* Localizable.strings in Resources */,
				C3630FD7241B5C7C003479C2 /* CardDackView.xib in Resources */,
				C395290D243307B40050C80D /* MyReview.storyboard in Resources */,
				C3BDFC0B240CD7A1006AE2B3 /* LaunchScreen.storyboard in Resources */,
				C346B0532491F1AC0049DE7E /* Colors.xcassets in Resources */,
				C3CE9857244FCA4600D8BADF /* InfoPlist.strings in Resources */,
				C3BDFC08240CD7A1006AE2B3 /* Assets.xcassets in Resources */,
				C3D055F3249B1DA900974971 /* GoogleService-Info.plist in Resources */,
				C3BDFC06240CD79D006AE2B3 /* Main.storyboard in Resources */,
				C39A6ECC241F368000460705 /* HoldemView.xib in Resources */,
			);
			runOnlyForDeploymentPostprocessing = 0;
		};
/* End PBXResourcesBuildPhase section */

/* Begin PBXShellScriptBuildPhase section */
		39EDDF3081B93368F35F9EB3 /* [CP] Embed Pods Frameworks */ = {
			isa = PBXShellScriptBuildPhase;
			buildActionMask = 2147483647;
			files = (
			);
			inputFileListPaths = (
				"${PODS_ROOT}/Target Support Files/Pods-firebaseTest/Pods-firebaseTest-frameworks-${CONFIGURATION}-input-files.xcfilelist",
			);
			name = "[CP] Embed Pods Frameworks";
			outputFileListPaths = (
				"${PODS_ROOT}/Target Support Files/Pods-firebaseTest/Pods-firebaseTest-frameworks-${CONFIGURATION}-output-files.xcfilelist",
			);
			runOnlyForDeploymentPostprocessing = 0;
			shellPath = /bin/sh;
			shellScript = "\"${PODS_ROOT}/Target Support Files/Pods-firebaseTest/Pods-firebaseTest-frameworks.sh\"\n";
			showEnvVarsInLog = 0;
		};
		C39003882421DDB000CC4E3A /* ShellScript */ = {
			isa = PBXShellScriptBuildPhase;
			buildActionMask = 2147483647;
			files = (
			);
			inputFileListPaths = (
			);
			inputPaths = (
			);
			outputFileListPaths = (
			);
			outputPaths = (
			);
			runOnlyForDeploymentPostprocessing = 0;
			shellPath = /bin/sh;
			shellScript = "# Type a script or drag a script file from your workspace to insert its path.\n\"${PODS_ROOT}/FirebaseCrashlytics/run\"\n";
		};
		D324A7017D568B367D56C86E /* [CP] Copy Pods Resources */ = {
			isa = PBXShellScriptBuildPhase;
			buildActionMask = 2147483647;
			files = (
			);
			inputFileListPaths = (
				"${PODS_ROOT}/Target Support Files/Pods-firebaseTest/Pods-firebaseTest-resources-${CONFIGURATION}-input-files.xcfilelist",
			);
			name = "[CP] Copy Pods Resources";
			outputFileListPaths = (
				"${PODS_ROOT}/Target Support Files/Pods-firebaseTest/Pods-firebaseTest-resources-${CONFIGURATION}-output-files.xcfilelist",
			);
			runOnlyForDeploymentPostprocessing = 0;
			shellPath = /bin/sh;
			shellScript = "\"${PODS_ROOT}/Target Support Files/Pods-firebaseTest/Pods-firebaseTest-resources.sh\"\n";
			showEnvVarsInLog = 0;
		};
		EF59CE91D587D5952EF64B88 /* [CP] Check Pods Manifest.lock */ = {
			isa = PBXShellScriptBuildPhase;
			buildActionMask = 2147483647;
			files = (
			);
			inputFileListPaths = (
			);
			inputPaths = (
				"${PODS_PODFILE_DIR_PATH}/Podfile.lock",
				"${PODS_ROOT}/Manifest.lock",
			);
			name = "[CP] Check Pods Manifest.lock";
			outputFileListPaths = (
			);
			outputPaths = (
				"$(DERIVED_FILE_DIR)/Pods-firebaseTest-checkManifestLockResult.txt",
			);
			runOnlyForDeploymentPostprocessing = 0;
			shellPath = /bin/sh;
			shellScript = "diff \"${PODS_PODFILE_DIR_PATH}/Podfile.lock\" \"${PODS_ROOT}/Manifest.lock\" > /dev/null\nif [ $? != 0 ] ; then\n    # print error to STDERR\n    echo \"error: The sandbox is not in sync with the Podfile.lock. Run 'pod install' or update your CocoaPods installation.\" >&2\n    exit 1\nfi\n# This output is used by Xcode 'outputs' to avoid re-running this script phase.\necho \"SUCCESS\" > \"${SCRIPT_OUTPUT_FILE_0}\"\n";
			showEnvVarsInLog = 0;
		};
/* End PBXShellScriptBuildPhase section */

/* Begin PBXSourcesBuildPhase section */
		C39E498C2429D6690094E16B /* Sources */ = {
			isa = PBXSourcesBuildPhase;
			buildActionMask = 2147483647;
			files = (
				C39E49932429D6690094E16B /* NotificationService.swift in Sources */,
			);
			runOnlyForDeploymentPostprocessing = 0;
		};
		C3BDFBF7240CD79D006AE2B3 /* Sources */ = {
			isa = PBXSourcesBuildPhase;
			buildActionMask = 2147483647;
			files = (
				C3CE9854244E79DC00D8BADF /* Locale+Extensions.swift in Sources */,
				C3DC5B842412172D00A028E0 /* UIApplication+Extensions.swift in Sources */,
				C370C9F5241747BF00026E86 /* TalkDetailTableViewController.swift in Sources */,
				C36A1906242DB492007B9D71 /* PopupMapViewController.swift in Sources */,
				C33839E32418ADD800CADC60 /* LocationManager.swift in Sources */,
				C3DC5B882412181200A028E0 /* UIColor+Extensions.swift in Sources */,
				C39529072432F0660050C80D /* ReviewModel.swift in Sources */,
				C3780E5C240DE535006070CF /* String+Extensions.swift in Sources */,
				C36650162423271300E2BD24 /* JackPotManager.swift in Sources */,
				C39A6ED82420A04B00460705 /* TalkDetailHoldemTableViewCell.swift in Sources */,
				C366501824233C5600E2BD24 /* JackPotLogModel.swift in Sources */,
				C3252307242CD87B0039819D /* NoticeListViewController.swift in Sources */,
				C3D055F1249B01BA00974971 /* ReportViewController.swift in Sources */,
				C3D0F42C24348A8900039B2E /* ReviewsTableViewCell.swift in Sources */,
				C33839E12418AC0F00CADC60 /* StoreModel.swift in Sources */,
				C39A6ED624208ABA00460705 /* Dealar.swift in Sources */,
				C371E9AF2440697F00FB36D2 /* ReviewDetailViewController.swift in Sources */,
				C3D055F5249B23A700974971 /* ReportListViewController.swift in Sources */,
				C36650122422F73F00E2BD24 /* AdminOptions.swift in Sources */,
				C36A1900242C95C0007B9D71 /* NoticeModel.swift in Sources */,
				C386C792241A0B1C0034132B /* Int+Extensions.swift in Sources */,
				C3EB27A624263BF200CA59F7 /* ChipView.swift in Sources */,
				C37E86912423410700F87D4D /* JackPotHistoryLogTableViewController.swift in Sources */,
				C3630FD3241B51CE003479C2 /* Card.swift in Sources */,
				C37EE3DD248F7ADB0093A801 /* UIViewController+Extensions.swift in Sources */,
				C338BC7C24458CE300E07D0E /* MKMapView+Extensions.swift in Sources */,
				C37EE3DB248F73C80093A801 /* SigninWithApple.swift in Sources */,
				C3EF51C6240CEABE00A4C29E /* UserDefault+Extensions.swift in Sources */,
				C3DC5B95241243D400A028E0 /* Consts.swift in Sources */,
				C39E499E2429E20A0094E16B /* Exp.swift in Sources */,
				C370C9FD24176C6B00026E86 /* UserListTableViewController.swift in Sources */,
				C3C633C824493D7700B526C0 /* ReviewHistoryTableViewController.swift in Sources */,
				C38EF933242493B1006D6732 /* WebViewController.swift in Sources */,
				C36149E9242B2439005C2C0B /* RankingTableViewCell.swift in Sources */,
				C34C6B5B2419CC77001D8CF4 /* EmptyView.swift in Sources */,
				C3FED0BB240F84BD007A4F4F /* MainTabBarController.swift in Sources */,
				C36A1904242CA92B007B9D71 /* NoticeViewController.swift in Sources */,
				C39E49872428A36F0094E16B /* UIView+Extensions.swift in Sources */,
				C3665014242300E700E2BD24 /* AdminViewController.swift in Sources */,
				C36A18FE242C3EA4007B9D71 /* TalkHistoryTableViewController.swift in Sources */,
				C370C9F92417516100026E86 /* TalkDetailEditHistoryTableViewCell.swift in Sources */,
				C3780E61240E2CD6006070CF /* UIImageView+Extensions.swift in Sources */,
				C34C6B592418C7A5001D8CF4 /* StoresTableViewCell.swift in Sources */,
				C3952905242DE8BA0050C80D /* UITableView+Extensions.swift in Sources */,
				C3780E67240F44AF006070CF /* LoginViewController.swift in Sources */,
				C390038C24220DC100CC4E3A /* WattingLogTableViewCell.swift in Sources */,
				C3952910243308910050C80D /* MyReviewWriteController.swift in Sources */,
				C39A6ECA241F2B1900460705 /* TalkDetailCardDackTavleViewCell.swift in Sources */,
				C3DC5B93241234A100A028E0 /* TodayTalksTableViewCell.swift in Sources */,
				C3CE9852244D7FC400D8BADF /* AddressModel.swift in Sources */,
				C3D0F4282433123400039B2E /* ReviewsViewController.swift in Sources */,
				C37BF64324443582002E4666 /* CGSize+Extensions.swift in Sources */,
				C39003872421D38800CC4E3A /* StoreWaitingModel.swift in Sources */,
				C34C6B572418C2B1001D8CF4 /* ApiManager.swift in Sources */,
				C31DDCB2241DBC8C00F0BAA8 /* StatusViewController.swift in Sources */,
				C3BDFBFF240CD79D006AE2B3 /* AppDelegate.swift in Sources */,
				C33839E72418AECD00CADC60 /* MapViewController.swift in Sources */,
				C39A6ED4241F6CE100460705 /* HoldemViewController.swift in Sources */,
				C3D055F7249B2C9900974971 /* ReportDetailViewController.swift in Sources */,
				C33839DB241873D600CADC60 /* Toast.swift in Sources */,
				C3630FD9241B5F31003479C2 /* TalkDetailCardTableViewCell.swift in Sources */,
				C390038A2421E9B700CC4E3A /* StoreWaittingTableViewController.swift in Sources */,
				C33839E52418AE1C00CADC60 /* PermissionData.swift in Sources */,
				C3C25C062421A998006DB36E /* CardDeckBoxView.swift in Sources */,
				C3DC5B8A24121A3100A028E0 /* TodaysTalksTableViewController.swift in Sources */,
				C3952901242DBE3F0050C80D /* UIImage+Extensions.swift in Sources */,
				C3D0F42A2433172200039B2E /* ReviewsMapCellTableViewCell.swift in Sources */,
				C36149E7242B209C005C2C0B /* RankingTableViewController.swift in Sources */,
				C3C633C62448396700B526C0 /* LightBodImage+Extensions.swift in Sources */,
				C3C43A1C241A6E95002788B1 /* TalkDetailMapTableViewCell.swift in Sources */,
				C3630FD0241B339E003479C2 /* GameManager.swift in Sources */,
				C39529092432FA3E0050C80D /* Array+Extensions.swift in Sources */,
				C370C9F72417506600026E86 /* TalkDetailUserInfoTableViewCell.swift in Sources */,
				C3DC5B8F241221F800A028E0 /* Loading.swift in Sources */,
				C3EF51C8240CEB7700A4C29E /* MainNavigationController.swift in Sources */,
				C3EDFB05241C6137003EF787 /* StoreStockLogModel.swift in Sources */,
				C39A6ED0241F524800460705 /* StoreStockLogTableViewCell.swift in Sources */,
				C395290B2432FEE80050C80D /* Set+Extensions.swift in Sources */,
				C34C6B552418C1BF001D8CF4 /* StoresTableViewController.swift in Sources */,
				C3EDFB07241C653A003EF787 /* StoreStockLogTableViewController.swift in Sources */,
				C3DC5B8C24121BA500A028E0 /* PostTalkViewController.swift in Sources */,
				C3DC5B91241224E100A028E0 /* TalkModel.swift in Sources */,
				C36A1902242C9CEA007B9D71 /* PostNoticeViewController.swift in Sources */,
				C3FED0B9240F7CB7007A4F4F /* FirebaseStorageHelper.swift in Sources */,
				C3FED0BD240F9F8E007A4F4F /* AuthDataResult+Extensions.swift in Sources */,
				C3757AF8241BC76500FB1819 /* GoogleAd.swift in Sources */,
				C3D055EF249AF3A500974971 /* ReportModel.swift in Sources */,
				C370C9FB2417688A00026E86 /* Date+extensions.swift in Sources */,
				C370C9F12415F94300026E86 /* LikeModel.swift in Sources */,
				C3EF51CA240CF4E100A4C29E /* MyProfileViewController.swift in Sources */,
				C3780E5A240DDEEC006070CF /* UserInfo.swift in Sources */,
				C3630FD6241B5C7C003479C2 /* CardDackView.swift in Sources */,
				C3EF51C3240CE56A00A4C29E /* UserInfoDetailViewController.swift in Sources */,
				C39A6ECE241F386400460705 /* HoldemView.swift in Sources */,
			);
			runOnlyForDeploymentPostprocessing = 0;
		};
/* End PBXSourcesBuildPhase section */

/* Begin PBXTargetDependency section */
		C39E49962429D6690094E16B /* PBXTargetDependency */ = {
			isa = PBXTargetDependency;
			target = C39E498F2429D6690094E16B /* noficationServiceExtension */;
			targetProxy = C39E49952429D6690094E16B /* PBXContainerItemProxy */;
		};
/* End PBXTargetDependency section */

/* Begin PBXVariantGroup section */
		C37509F32456CE9B0092FD78 /* Localizable.strings */ = {
			isa = PBXVariantGroup;
			children = (
				C37509F22456CE9B0092FD78 /* en */,
				C37509F72456CED70092FD78 /* ko */,
			);
			name = Localizable.strings;
			sourceTree = "<group>";
		};
		C3BDFC04240CD79D006AE2B3 /* Main.storyboard */ = {
			isa = PBXVariantGroup;
			children = (
				C3BDFC05240CD79D006AE2B3 /* Base */,
				C3CE985A244FCACD00D8BADF /* en-001 */,
				C37509F42456CED70092FD78 /* ko */,
			);
			name = Main.storyboard;
			sourceTree = "<group>";
		};
		C3BDFC09240CD7A1006AE2B3 /* LaunchScreen.storyboard */ = {
			isa = PBXVariantGroup;
			children = (
				C3BDFC0A240CD7A1006AE2B3 /* Base */,
				C3CE985B244FCACD00D8BADF /* en-001 */,
				C37509F52456CED70092FD78 /* ko */,
			);
			name = LaunchScreen.storyboard;
			sourceTree = "<group>";
		};
		C3CE9859244FCA4600D8BADF /* InfoPlist.strings */ = {
			isa = PBXVariantGroup;
			children = (
				C3CE985C244FCACE00D8BADF /* en-001 */,
				C3CE985D244FD59900D8BADF /* en */,
				C37509F62456CED70092FD78 /* ko */,
			);
			name = InfoPlist.strings;
			sourceTree = "<group>";
		};
/* End PBXVariantGroup section */

/* Begin XCBuildConfiguration section */
		C39E49992429D6690094E16B /* Debug */ = {
			isa = XCBuildConfiguration;
			buildSettings = {
				CODE_SIGN_STYLE = Automatic;
				CURRENT_PROJECT_VERSION = 28;
				DEVELOPMENT_TEAM = QU9EPTU238;
				INFOPLIST_FILE = noficationServiceExtension/Info.plist;
				IPHONEOS_DEPLOYMENT_TARGET = 13.2;
				LD_RUNPATH_SEARCH_PATHS = (
					"$(inherited)",
					"@executable_path/Frameworks",
					"@executable_path/../../Frameworks",
				);
				PRODUCT_BUNDLE_IDENTIFIER = net.kongbaguni.masknow.noficationServiceExtension;
				PRODUCT_NAME = "$(TARGET_NAME)";
				SKIP_INSTALL = YES;
				SWIFT_VERSION = 5.0;
				TARGETED_DEVICE_FAMILY = "1,2";
			};
			name = Debug;
		};
		C39E499A2429D6690094E16B /* Release */ = {
			isa = XCBuildConfiguration;
			buildSettings = {
				CODE_SIGN_STYLE = Automatic;
				CURRENT_PROJECT_VERSION = 28;
				DEVELOPMENT_TEAM = QU9EPTU238;
				INFOPLIST_FILE = noficationServiceExtension/Info.plist;
				IPHONEOS_DEPLOYMENT_TARGET = 13.2;
				LD_RUNPATH_SEARCH_PATHS = (
					"$(inherited)",
					"@executable_path/Frameworks",
					"@executable_path/../../Frameworks",
				);
				PRODUCT_BUNDLE_IDENTIFIER = net.kongbaguni.masknow.noficationServiceExtension;
				PRODUCT_NAME = "$(TARGET_NAME)";
				SKIP_INSTALL = YES;
				SWIFT_VERSION = 5.0;
				TARGETED_DEVICE_FAMILY = "1,2";
			};
			name = Release;
		};
		C3BDFC0D240CD7A1006AE2B3 /* Debug */ = {
			isa = XCBuildConfiguration;
			buildSettings = {
				ALWAYS_SEARCH_USER_PATHS = NO;
				CLANG_ANALYZER_LOCALIZABILITY_NONLOCALIZED = YES;
				CLANG_ANALYZER_NONNULL = YES;
				CLANG_ANALYZER_NUMBER_OBJECT_CONVERSION = YES_AGGRESSIVE;
				CLANG_CXX_LANGUAGE_STANDARD = "gnu++14";
				CLANG_CXX_LIBRARY = "libc++";
				CLANG_ENABLE_MODULES = YES;
				CLANG_ENABLE_OBJC_ARC = YES;
				CLANG_ENABLE_OBJC_WEAK = YES;
				CLANG_WARN_BLOCK_CAPTURE_AUTORELEASING = YES;
				CLANG_WARN_BOOL_CONVERSION = YES;
				CLANG_WARN_COMMA = YES;
				CLANG_WARN_CONSTANT_CONVERSION = YES;
				CLANG_WARN_DEPRECATED_OBJC_IMPLEMENTATIONS = YES;
				CLANG_WARN_DIRECT_OBJC_ISA_USAGE = YES_ERROR;
				CLANG_WARN_DOCUMENTATION_COMMENTS = YES;
				CLANG_WARN_EMPTY_BODY = YES;
				CLANG_WARN_ENUM_CONVERSION = YES;
				CLANG_WARN_INFINITE_RECURSION = YES;
				CLANG_WARN_INT_CONVERSION = YES;
				CLANG_WARN_NON_LITERAL_NULL_CONVERSION = YES;
				CLANG_WARN_OBJC_IMPLICIT_RETAIN_SELF = YES;
				CLANG_WARN_OBJC_LITERAL_CONVERSION = YES;
				CLANG_WARN_OBJC_ROOT_CLASS = YES_ERROR;
				CLANG_WARN_RANGE_LOOP_ANALYSIS = YES;
				CLANG_WARN_STRICT_PROTOTYPES = YES;
				CLANG_WARN_SUSPICIOUS_MOVE = YES;
				CLANG_WARN_UNGUARDED_AVAILABILITY = YES_AGGRESSIVE;
				CLANG_WARN_UNREACHABLE_CODE = YES;
				CLANG_WARN__DUPLICATE_METHOD_MATCH = YES;
				COPY_PHASE_STRIP = NO;
				DEBUG_INFORMATION_FORMAT = dwarf;
				ENABLE_STRICT_OBJC_MSGSEND = YES;
				ENABLE_TESTABILITY = YES;
				GCC_C_LANGUAGE_STANDARD = gnu11;
				GCC_DYNAMIC_NO_PIC = NO;
				GCC_NO_COMMON_BLOCKS = YES;
				GCC_OPTIMIZATION_LEVEL = 0;
				GCC_PREPROCESSOR_DEFINITIONS = (
					"DEBUG=1",
					"$(inherited)",
				);
				GCC_WARN_64_TO_32_BIT_CONVERSION = YES;
				GCC_WARN_ABOUT_RETURN_TYPE = YES_ERROR;
				GCC_WARN_UNDECLARED_SELECTOR = YES;
				GCC_WARN_UNINITIALIZED_AUTOS = YES_AGGRESSIVE;
				GCC_WARN_UNUSED_FUNCTION = YES;
				GCC_WARN_UNUSED_VARIABLE = YES;
				IPHONEOS_DEPLOYMENT_TARGET = 11.0;
				MTL_ENABLE_DEBUG_INFO = INCLUDE_SOURCE;
				MTL_FAST_MATH = YES;
				ONLY_ACTIVE_ARCH = YES;
				SDKROOT = iphoneos;
				SWIFT_ACTIVE_COMPILATION_CONDITIONS = DEBUG;
				SWIFT_OPTIMIZATION_LEVEL = "-Onone";
			};
			name = Debug;
		};
		C3BDFC0E240CD7A1006AE2B3 /* Release */ = {
			isa = XCBuildConfiguration;
			buildSettings = {
				ALWAYS_SEARCH_USER_PATHS = NO;
				CLANG_ANALYZER_LOCALIZABILITY_NONLOCALIZED = YES;
				CLANG_ANALYZER_NONNULL = YES;
				CLANG_ANALYZER_NUMBER_OBJECT_CONVERSION = YES_AGGRESSIVE;
				CLANG_CXX_LANGUAGE_STANDARD = "gnu++14";
				CLANG_CXX_LIBRARY = "libc++";
				CLANG_ENABLE_MODULES = YES;
				CLANG_ENABLE_OBJC_ARC = YES;
				CLANG_ENABLE_OBJC_WEAK = YES;
				CLANG_WARN_BLOCK_CAPTURE_AUTORELEASING = YES;
				CLANG_WARN_BOOL_CONVERSION = YES;
				CLANG_WARN_COMMA = YES;
				CLANG_WARN_CONSTANT_CONVERSION = YES;
				CLANG_WARN_DEPRECATED_OBJC_IMPLEMENTATIONS = YES;
				CLANG_WARN_DIRECT_OBJC_ISA_USAGE = YES_ERROR;
				CLANG_WARN_DOCUMENTATION_COMMENTS = YES;
				CLANG_WARN_EMPTY_BODY = YES;
				CLANG_WARN_ENUM_CONVERSION = YES;
				CLANG_WARN_INFINITE_RECURSION = YES;
				CLANG_WARN_INT_CONVERSION = YES;
				CLANG_WARN_NON_LITERAL_NULL_CONVERSION = YES;
				CLANG_WARN_OBJC_IMPLICIT_RETAIN_SELF = YES;
				CLANG_WARN_OBJC_LITERAL_CONVERSION = YES;
				CLANG_WARN_OBJC_ROOT_CLASS = YES_ERROR;
				CLANG_WARN_RANGE_LOOP_ANALYSIS = YES;
				CLANG_WARN_STRICT_PROTOTYPES = YES;
				CLANG_WARN_SUSPICIOUS_MOVE = YES;
				CLANG_WARN_UNGUARDED_AVAILABILITY = YES_AGGRESSIVE;
				CLANG_WARN_UNREACHABLE_CODE = YES;
				CLANG_WARN__DUPLICATE_METHOD_MATCH = YES;
				COPY_PHASE_STRIP = NO;
				DEBUG_INFORMATION_FORMAT = "dwarf-with-dsym";
				ENABLE_NS_ASSERTIONS = NO;
				ENABLE_STRICT_OBJC_MSGSEND = YES;
				GCC_C_LANGUAGE_STANDARD = gnu11;
				GCC_NO_COMMON_BLOCKS = YES;
				GCC_WARN_64_TO_32_BIT_CONVERSION = YES;
				GCC_WARN_ABOUT_RETURN_TYPE = YES_ERROR;
				GCC_WARN_UNDECLARED_SELECTOR = YES;
				GCC_WARN_UNINITIALIZED_AUTOS = YES_AGGRESSIVE;
				GCC_WARN_UNUSED_FUNCTION = YES;
				GCC_WARN_UNUSED_VARIABLE = YES;
				IPHONEOS_DEPLOYMENT_TARGET = 11.0;
				MTL_ENABLE_DEBUG_INFO = NO;
				MTL_FAST_MATH = YES;
				SDKROOT = iphoneos;
				SWIFT_COMPILATION_MODE = wholemodule;
				SWIFT_OPTIMIZATION_LEVEL = "-O";
				VALIDATE_PRODUCT = YES;
			};
			name = Release;
		};
		C3BDFC10240CD7A1006AE2B3 /* Debug */ = {
			isa = XCBuildConfiguration;
			baseConfigurationReference = 0F06ABC7138C7FD26E1EA293 /* Pods-firebaseTest.debug.xcconfig */;
			buildSettings = {
				ALWAYS_EMBED_SWIFT_STANDARD_LIBRARIES = YES;
				ASSETCATALOG_COMPILER_APPICON_NAME = AppIcon;
				CODE_SIGN_ENTITLEMENTS = "firebaseTest/mask now.entitlements";
				CODE_SIGN_IDENTITY = "Apple Development";
				CODE_SIGN_STYLE = Automatic;
				CURRENT_PROJECT_VERSION = 27;
				DEVELOPMENT_TEAM = QU9EPTU238;
				INFOPLIST_FILE = firebaseTest/Info.plist;
				LD_RUNPATH_SEARCH_PATHS = (
					"$(inherited)",
					"@executable_path/Frameworks",
				);
				MARKETING_VERSION = 1.0.1;
				PRODUCT_BUNDLE_IDENTIFIER = net.kongbaguni.masknow;
				PRODUCT_NAME = "mask now";
				PROVISIONING_PROFILE_SPECIFIER = "";
				SUPPORTS_MACCATALYST = NO;
				SWIFT_VERSION = 5.0;
				TARGETED_DEVICE_FAMILY = "1,2";
			};
			name = Debug;
		};
		C3BDFC11240CD7A1006AE2B3 /* Release */ = {
			isa = XCBuildConfiguration;
			baseConfigurationReference = FB28C5BE5C3633710658148E /* Pods-firebaseTest.release.xcconfig */;
			buildSettings = {
				ALWAYS_EMBED_SWIFT_STANDARD_LIBRARIES = YES;
				ASSETCATALOG_COMPILER_APPICON_NAME = AppIcon;
				CODE_SIGN_ENTITLEMENTS = "firebaseTest/mask now.entitlements";
				CODE_SIGN_IDENTITY = "Apple Development";
				CODE_SIGN_STYLE = Automatic;
				CURRENT_PROJECT_VERSION = 27;
				DEVELOPMENT_TEAM = QU9EPTU238;
				INFOPLIST_FILE = firebaseTest/Info.plist;
				LD_RUNPATH_SEARCH_PATHS = (
					"$(inherited)",
					"@executable_path/Frameworks",
				);
				MARKETING_VERSION = 1.0.1;
				PRODUCT_BUNDLE_IDENTIFIER = net.kongbaguni.masknow;
				PRODUCT_NAME = "mask now";
				PROVISIONING_PROFILE_SPECIFIER = "";
				SUPPORTS_MACCATALYST = NO;
				SWIFT_VERSION = 5.0;
				TARGETED_DEVICE_FAMILY = "1,2";
			};
			name = Release;
		};
/* End XCBuildConfiguration section */

/* Begin XCConfigurationList section */
		C39E499B2429D6690094E16B /* Build configuration list for PBXNativeTarget "noficationServiceExtension" */ = {
			isa = XCConfigurationList;
			buildConfigurations = (
				C39E49992429D6690094E16B /* Debug */,
				C39E499A2429D6690094E16B /* Release */,
			);
			defaultConfigurationIsVisible = 0;
			defaultConfigurationName = Release;
		};
		C3BDFBF6240CD79D006AE2B3 /* Build configuration list for PBXProject "firebaseTest" */ = {
			isa = XCConfigurationList;
			buildConfigurations = (
				C3BDFC0D240CD7A1006AE2B3 /* Debug */,
				C3BDFC0E240CD7A1006AE2B3 /* Release */,
			);
			defaultConfigurationIsVisible = 0;
			defaultConfigurationName = Release;
		};
		C3BDFC0F240CD7A1006AE2B3 /* Build configuration list for PBXNativeTarget "firebaseTest" */ = {
			isa = XCConfigurationList;
			buildConfigurations = (
				C3BDFC10240CD7A1006AE2B3 /* Debug */,
				C3BDFC11240CD7A1006AE2B3 /* Release */,
			);
			defaultConfigurationIsVisible = 0;
			defaultConfigurationName = Release;
		};
/* End XCConfigurationList section */
	};
	rootObject = C3BDFBF3240CD79D006AE2B3 /* Project object */;
}
